
Microsoft Visual Studio Solution File, Format Version 12.00
# Visual Studio Version 17
VisualStudioVersion = 17.6.33815.320
MinimumVisualStudioVersion = 10.0.40219.1
Project("{FAE04EC0-301F-11D3-BF4B-00C04F79EFBC}") = "ITMO.Course.ADONet.Lab1-2", "ITMO.Course.ADONet.Lab1.Ex2\ITMO.Course.ADONet.Lab1-2.csproj", "{3C9F1ABB-201A-4C1F-A5D9-78F1F08DEA03}"
EndProject
Project("{FAE04EC0-301F-11D3-BF4B-00C04F79EFBC}") = "ITMO.Course.ADONet.Lab3.Ex1-2", "ITMO.Course.ADONet.Lab3\ITMO.Course.ADONet.Lab3.Ex1-2.csproj", "{8E7A2FF3-541C-4A65-AD17-7BF3964A6D5B}"
EndProject
Project("{FAE04EC0-301F-11D3-BF4B-00C04F79EFBC}") = "ITMO.Course.ADONet.Lab3.Ex3-4", "ITMO.Course.ADONet.Lab3.Ex3-4\ITMO.Course.ADONet.Lab3.Ex3-4.csproj", "{489AF6A9-8736-4AA7-967A-3EE2C36D204E}"
EndProject
Project("{FAE04EC0-301F-11D3-BF4B-00C04F79EFBC}") = "ITMO.Course.ADONet.Lab4.Ex1", "ITMO.Course.ADONet.Lab4.Ex1\ITMO.Course.ADONet.Lab4.Ex1.csproj", "{95A495C2-5A39-4966-A089-CF9285F99B92}"
EndProject
Project("{FAE04EC0-301F-11D3-BF4B-00C04F79EFBC}") = "ITMO.Course.ADONet.Lab4.Ex2", "ITMO.Course.ADONet.Lab4.Ex2\ITMO.Course.ADONet.Lab4.Ex2.csproj", "{8C1335F9-9B3D-4B0F-A5EE-A732972F2019}"
EndProject
Project("{FAE04EC0-301F-11D3-BF4B-00C04F79EFBC}") = "ITMO.Course.ADONet.Lab4.Ex3", "ITMO.Course.ADONet.Lab4.Ex3\ITMO.Course.ADONet.Lab4.Ex3.csproj", "{BA681434-C8C8-43B1-8342-0950DCD0753C}"
EndProject
Project("{FAE04EC0-301F-11D3-BF4B-00C04F79EFBC}") = "ITMO.Course.ADONet.Lab4.Ex4", "ITMO.Course.ADONet.Lab4.Ex4\ITMO.Course.ADONet.Lab4.Ex4.csproj", "{8FBDB8FA-3AB9-4C7C-B708-7389EE594A57}"
EndProject
Project("{FAE04EC0-301F-11D3-BF4B-00C04F79EFBC}") = "ITMO.Course.ADONet.Lab4.Ex5", "ITMO.Course.ADONet.Lab4.Ex5\ITMO.Course.ADONet.Lab4.Ex5.csproj", "{CFFFA85B-C1B5-42D5-BA42-D183C2227762}"
EndProject
Project("{FAE04EC0-301F-11D3-BF4B-00C04F79EFBC}") = "ITMO.Course.ADONet.Lab4.Ex6", "ITMO.Course.ADONet.Lab4.Ex6\ITMO.Course.ADONet.Lab4.Ex6.csproj", "{44704C98-1EC5-44F7-BAEE-2AFCFD5549B8}"
EndProject
Project("{FAE04EC0-301F-11D3-BF4B-00C04F79EFBC}") = "ITMO.Course.ADONet.Lab5.Ex1", "ITMO.Course.ADONet.Lab5.Ex1\ITMO.Course.ADONet.Lab5.Ex1.csproj", "{F5AB7F6D-A183-46A7-B8E9-21BDB0CB5A2D}"
EndProject
Project("{FAE04EC0-301F-11D3-BF4B-00C04F79EFBC}") = "ITMO.Course.ADONet.Lab5.Ex2", "ITMO.Course.ADONet.Lab5.Ex2\ITMO.Course.ADONet.Lab5.Ex2.csproj", "{3E883E28-909C-4BFE-8975-C77CD31069B5}"
EndProject
Project("{FAE04EC0-301F-11D3-BF4B-00C04F79EFBC}") = "ITMO.Course.ADONet.Lab5.Ex3", "ITMO.Course.ADONet.Lab5.Ex3\ITMO.Course.ADONet.Lab5.Ex3.csproj", "{10374144-576F-4F8C-A52E-CCA3C3B947F1}"
EndProject
Project("{FAE04EC0-301F-11D3-BF4B-00C04F79EFBC}") = "ITMO.Course.ADONet.Lab5.Ex4", "ITMO.Course.ADONet.Lab5.Ex4\ITMO.Course.ADONet.Lab5.Ex4.csproj", "{8101AC83-0BCB-4A83-A9BD-F76C10F9348D}"
EndProject
Project("{FAE04EC0-301F-11D3-BF4B-00C04F79EFBC}") = "ITMO.Course.ADONet.Lab6.Ex1", "ITMO.Course.ADONet.Lab6.Ex1\ITMO.Course.ADONet.Lab6.Ex1.csproj", "{D91CB557-4089-4873-8F1B-1475DEE723FE}"
EndProject
Project("{FAE04EC0-301F-11D3-BF4B-00C04F79EFBC}") = "ITMO.Course.ADONet.Lab6.Ex2", "ITMO.Course.ADONet.Lab6.Ex2\ITMO.Course.ADONet.Lab6.Ex2.csproj", "{52B18FF6-C257-4C6B-9C18-D3DC08E33C4C}"
EndProject
Project("{FAE04EC0-301F-11D3-BF4B-00C04F79EFBC}") = "ITMO.Course.ADONet.Lab7.Ex1", "ITMO.Course.ADONet.Lab7.Ex1\ITMO.Course.ADONet.Lab7.Ex1.csproj", "{11965260-45A0-4E95-A3E5-F93B2091D406}"
EndProject
Project("{FAE04EC0-301F-11D3-BF4B-00C04F79EFBC}") = "ITMO.Course.ADONet.Lab8.Ex1-2", "ITMO.Course.ADONet.Lab8.Ex1-2\ITMO.Course.ADONet.Lab8.Ex1-2.csproj", "{7D137415-A3DC-4F66-BCDC-C85533C39C75}"
EndProject
Project("{FAE04EC0-301F-11D3-BF4B-00C04F79EFBC}") = "ITMO.Course.ADONet.Lab8.Ex3", "ITMO.Course.ADONet.Lab8.Ex3\ITMO.Course.ADONet.Lab8.Ex3.csproj", "{B9F92162-615E-4102-8F66-FABACB569EA7}"
EndProject
Project("{FAE04EC0-301F-11D3-BF4B-00C04F79EFBC}") = "ITMO.Course.ADONet.Lab8.Ex4", "ITMO.Course.ADONet.Lab8.Ex4\ITMO.Course.ADONet.Lab8.Ex4.csproj", "{CB0F3679-EBB7-460B-87F3-B37FF8B55878}"
EndProject
Project("{FAE04EC0-301F-11D3-BF4B-00C04F79EFBC}") = "ITMO.Course.ADONet.Lab90", "ITMO.Course.ADONet.Lab90\ITMO.Course.ADONet.Lab90.csproj", "{96CB948B-EA95-459B-9538-1CE52B17E106}"
EndProject
Project("{FAE04EC0-301F-11D3-BF4B-00C04F79EFBC}") = "ITMO.Course.ADONet.Lab90.CodeFirst", "ITMO.Course.ADONet.Lab90.CodeFirst\ITMO.Course.ADONet.Lab90.CodeFirst.csproj", "{A909DA12-433B-4589-8344-660FFC5EF9E3}"
EndProject
Project("{FAE04EC0-301F-11D3-BF4B-00C04F79EFBC}") = "ITMO.Course.ADONet.FinalTask", "ITMO.Course.ADONet.FinalTask\ITMO.Course.ADONet.FinalTask.csproj", "{AC5CE1A4-0582-42AE-80A4-ABFE9A4F6349}"
EndProject
Project("{FAE04EC0-301F-11D3-BF4B-00C04F79EFBC}") = "ITMO.Course.ADONet.Lab9.Ex3", "ITMO.Course.ADONet.Lab9.Ex3\ITMO.Course.ADONet.Lab9.Ex3.csproj", "{7E18B1AE-4A67-423D-8981-A9737268555E}"
EndProject
Global
	GlobalSection(SolutionConfigurationPlatforms) = preSolution
		Debug|Any CPU = Debug|Any CPU
		Release|Any CPU = Release|Any CPU
	EndGlobalSection
	GlobalSection(ProjectConfigurationPlatforms) = postSolution
		{3C9F1ABB-201A-4C1F-A5D9-78F1F08DEA03}.Debug|Any CPU.ActiveCfg = Debug|Any CPU
		{3C9F1ABB-201A-4C1F-A5D9-78F1F08DEA03}.Debug|Any CPU.Build.0 = Debug|Any CPU
		{3C9F1ABB-201A-4C1F-A5D9-78F1F08DEA03}.Release|Any CPU.ActiveCfg = Release|Any CPU
		{3C9F1ABB-201A-4C1F-A5D9-78F1F08DEA03}.Release|Any CPU.Build.0 = Release|Any CPU
		{8E7A2FF3-541C-4A65-AD17-7BF3964A6D5B}.Debug|Any CPU.ActiveCfg = Debug|Any CPU
		{8E7A2FF3-541C-4A65-AD17-7BF3964A6D5B}.Debug|Any CPU.Build.0 = Debug|Any CPU
		{8E7A2FF3-541C-4A65-AD17-7BF3964A6D5B}.Release|Any CPU.ActiveCfg = Release|Any CPU
		{8E7A2FF3-541C-4A65-AD17-7BF3964A6D5B}.Release|Any CPU.Build.0 = Release|Any CPU
		{489AF6A9-8736-4AA7-967A-3EE2C36D204E}.Debug|Any CPU.ActiveCfg = Debug|Any CPU
		{489AF6A9-8736-4AA7-967A-3EE2C36D204E}.Debug|Any CPU.Build.0 = Debug|Any CPU
		{489AF6A9-8736-4AA7-967A-3EE2C36D204E}.Release|Any CPU.ActiveCfg = Release|Any CPU
		{489AF6A9-8736-4AA7-967A-3EE2C36D204E}.Release|Any CPU.Build.0 = Release|Any CPU
		{95A495C2-5A39-4966-A089-CF9285F99B92}.Debug|Any CPU.ActiveCfg = Debug|Any CPU
		{95A495C2-5A39-4966-A089-CF9285F99B92}.Debug|Any CPU.Build.0 = Debug|Any CPU
		{95A495C2-5A39-4966-A089-CF9285F99B92}.Release|Any CPU.ActiveCfg = Release|Any CPU
		{95A495C2-5A39-4966-A089-CF9285F99B92}.Release|Any CPU.Build.0 = Release|Any CPU
		{8C1335F9-9B3D-4B0F-A5EE-A732972F2019}.Debug|Any CPU.ActiveCfg = Debug|Any CPU
		{8C1335F9-9B3D-4B0F-A5EE-A732972F2019}.Debug|Any CPU.Build.0 = Debug|Any CPU
		{8C1335F9-9B3D-4B0F-A5EE-A732972F2019}.Release|Any CPU.ActiveCfg = Release|Any CPU
		{8C1335F9-9B3D-4B0F-A5EE-A732972F2019}.Release|Any CPU.Build.0 = Release|Any CPU
		{BA681434-C8C8-43B1-8342-0950DCD0753C}.Debug|Any CPU.ActiveCfg = Debug|Any CPU
		{BA681434-C8C8-43B1-8342-0950DCD0753C}.Debug|Any CPU.Build.0 = Debug|Any CPU
		{BA681434-C8C8-43B1-8342-0950DCD0753C}.Release|Any CPU.ActiveCfg = Release|Any CPU
		{BA681434-C8C8-43B1-8342-0950DCD0753C}.Release|Any CPU.Build.0 = Release|Any CPU
		{8FBDB8FA-3AB9-4C7C-B708-7389EE594A57}.Debug|Any CPU.ActiveCfg = Debug|Any CPU
		{8FBDB8FA-3AB9-4C7C-B708-7389EE594A57}.Debug|Any CPU.Build.0 = Debug|Any CPU
		{8FBDB8FA-3AB9-4C7C-B708-7389EE594A57}.Release|Any CPU.ActiveCfg = Release|Any CPU
		{8FBDB8FA-3AB9-4C7C-B708-7389EE594A57}.Release|Any CPU.Build.0 = Release|Any CPU
		{CFFFA85B-C1B5-42D5-BA42-D183C2227762}.Debug|Any CPU.ActiveCfg = Debug|Any CPU
		{CFFFA85B-C1B5-42D5-BA42-D183C2227762}.Debug|Any CPU.Build.0 = Debug|Any CPU
		{CFFFA85B-C1B5-42D5-BA42-D183C2227762}.Release|Any CPU.ActiveCfg = Release|Any CPU
		{CFFFA85B-C1B5-42D5-BA42-D183C2227762}.Release|Any CPU.Build.0 = Release|Any CPU
		{44704C98-1EC5-44F7-BAEE-2AFCFD5549B8}.Debug|Any CPU.ActiveCfg = Debug|Any CPU
		{44704C98-1EC5-44F7-BAEE-2AFCFD5549B8}.Debug|Any CPU.Build.0 = Debug|Any CPU
		{44704C98-1EC5-44F7-BAEE-2AFCFD5549B8}.Release|Any CPU.ActiveCfg = Release|Any CPU
		{44704C98-1EC5-44F7-BAEE-2AFCFD5549B8}.Release|Any CPU.Build.0 = Release|Any CPU
		{F5AB7F6D-A183-46A7-B8E9-21BDB0CB5A2D}.Debug|Any CPU.ActiveCfg = Debug|Any CPU
		{F5AB7F6D-A183-46A7-B8E9-21BDB0CB5A2D}.Debug|Any CPU.Build.0 = Debug|Any CPU
		{F5AB7F6D-A183-46A7-B8E9-21BDB0CB5A2D}.Release|Any CPU.ActiveCfg = Release|Any CPU
		{F5AB7F6D-A183-46A7-B8E9-21BDB0CB5A2D}.Release|Any CPU.Build.0 = Release|Any CPU
		{3E883E28-909C-4BFE-8975-C77CD31069B5}.Debug|Any CPU.ActiveCfg = Debug|Any CPU
		{3E883E28-909C-4BFE-8975-C77CD31069B5}.Debug|Any CPU.Build.0 = Debug|Any CPU
		{3E883E28-909C-4BFE-8975-C77CD31069B5}.Release|Any CPU.ActiveCfg = Release|Any CPU
		{3E883E28-909C-4BFE-8975-C77CD31069B5}.Release|Any CPU.Build.0 = Release|Any CPU
		{10374144-576F-4F8C-A52E-CCA3C3B947F1}.Debug|Any CPU.ActiveCfg = Debug|Any CPU
		{10374144-576F-4F8C-A52E-CCA3C3B947F1}.Debug|Any CPU.Build.0 = Debug|Any CPU
		{10374144-576F-4F8C-A52E-CCA3C3B947F1}.Release|Any CPU.ActiveCfg = Release|Any CPU
		{10374144-576F-4F8C-A52E-CCA3C3B947F1}.Release|Any CPU.Build.0 = Release|Any CPU
		{8101AC83-0BCB-4A83-A9BD-F76C10F9348D}.Debug|Any CPU.ActiveCfg = Debug|Any CPU
		{8101AC83-0BCB-4A83-A9BD-F76C10F9348D}.Debug|Any CPU.Build.0 = Debug|Any CPU
		{8101AC83-0BCB-4A83-A9BD-F76C10F9348D}.Release|Any CPU.ActiveCfg = Release|Any CPU
		{8101AC83-0BCB-4A83-A9BD-F76C10F9348D}.Release|Any CPU.Build.0 = Release|Any CPU
		{D91CB557-4089-4873-8F1B-1475DEE723FE}.Debug|Any CPU.ActiveCfg = Debug|Any CPU
		{D91CB557-4089-4873-8F1B-1475DEE723FE}.Debug|Any CPU.Build.0 = Debug|Any CPU
		{D91CB557-4089-4873-8F1B-1475DEE723FE}.Release|Any CPU.ActiveCfg = Release|Any CPU
		{D91CB557-4089-4873-8F1B-1475DEE723FE}.Release|Any CPU.Build.0 = Release|Any CPU
		{52B18FF6-C257-4C6B-9C18-D3DC08E33C4C}.Debug|Any CPU.ActiveCfg = Debug|Any CPU
		{52B18FF6-C257-4C6B-9C18-D3DC08E33C4C}.Debug|Any CPU.Build.0 = Debug|Any CPU
		{52B18FF6-C257-4C6B-9C18-D3DC08E33C4C}.Release|Any CPU.ActiveCfg = Release|Any CPU
		{52B18FF6-C257-4C6B-9C18-D3DC08E33C4C}.Release|Any CPU.Build.0 = Release|Any CPU
		{11965260-45A0-4E95-A3E5-F93B2091D406}.Debug|Any CPU.ActiveCfg = Debug|Any CPU
		{11965260-45A0-4E95-A3E5-F93B2091D406}.Debug|Any CPU.Build.0 = Debug|Any CPU
		{11965260-45A0-4E95-A3E5-F93B2091D406}.Release|Any CPU.ActiveCfg = Release|Any CPU
		{11965260-45A0-4E95-A3E5-F93B2091D406}.Release|Any CPU.Build.0 = Release|Any CPU
		{7D137415-A3DC-4F66-BCDC-C85533C39C75}.Debug|Any CPU.ActiveCfg = Debug|Any CPU
		{7D137415-A3DC-4F66-BCDC-C85533C39C75}.Debug|Any CPU.Build.0 = Debug|Any CPU
		{7D137415-A3DC-4F66-BCDC-C85533C39C75}.Release|Any CPU.ActiveCfg = Release|Any CPU
		{7D137415-A3DC-4F66-BCDC-C85533C39C75}.Release|Any CPU.Build.0 = Release|Any CPU
		{B9F92162-615E-4102-8F66-FABACB569EA7}.Debug|Any CPU.ActiveCfg = Debug|Any CPU
		{B9F92162-615E-4102-8F66-FABACB569EA7}.Debug|Any CPU.Build.0 = Debug|Any CPU
		{B9F92162-615E-4102-8F66-FABACB569EA7}.Release|Any CPU.ActiveCfg = Release|Any CPU
		{B9F92162-615E-4102-8F66-FABACB569EA7}.Release|Any CPU.Build.0 = Release|Any CPU
		{CB0F3679-EBB7-460B-87F3-B37FF8B55878}.Debug|Any CPU.ActiveCfg = Debug|Any CPU
		{CB0F3679-EBB7-460B-87F3-B37FF8B55878}.Debug|Any CPU.Build.0 = Debug|Any CPU
		{CB0F3679-EBB7-460B-87F3-B37FF8B55878}.Release|Any CPU.ActiveCfg = Release|Any CPU
		{CB0F3679-EBB7-460B-87F3-B37FF8B55878}.Release|Any CPU.Build.0 = Release|Any CPU
		{96CB948B-EA95-459B-9538-1CE52B17E106}.Debug|Any CPU.ActiveCfg = Debug|Any CPU
		{96CB948B-EA95-459B-9538-1CE52B17E106}.Debug|Any CPU.Build.0 = Debug|Any CPU
		{96CB948B-EA95-459B-9538-1CE52B17E106}.Release|Any CPU.ActiveCfg = Release|Any CPU
		{96CB948B-EA95-459B-9538-1CE52B17E106}.Release|Any CPU.Build.0 = Release|Any CPU
		{A909DA12-433B-4589-8344-660FFC5EF9E3}.Debug|Any CPU.ActiveCfg = Debug|Any CPU
		{A909DA12-433B-4589-8344-660FFC5EF9E3}.Debug|Any CPU.Build.0 = Debug|Any CPU
		{A909DA12-433B-4589-8344-660FFC5EF9E3}.Release|Any CPU.ActiveCfg = Release|Any CPU
		{A909DA12-433B-4589-8344-660FFC5EF9E3}.Release|Any CPU.Build.0 = Release|Any CPU
		{AC5CE1A4-0582-42AE-80A4-ABFE9A4F6349}.Debug|Any CPU.ActiveCfg = Debug|Any CPU
		{AC5CE1A4-0582-42AE-80A4-ABFE9A4F6349}.Debug|Any CPU.Build.0 = Debug|Any CPU
		{AC5CE1A4-0582-42AE-80A4-ABFE9A4F6349}.Release|Any CPU.ActiveCfg = Release|Any CPU
		{AC5CE1A4-0582-42AE-80A4-ABFE9A4F6349}.Release|Any CPU.Build.0 = Release|Any CPU
		{7E18B1AE-4A67-423D-8981-A9737268555E}.Debug|Any CPU.ActiveCfg = Debug|Any CPU
		{7E18B1AE-4A67-423D-8981-A9737268555E}.Debug|Any CPU.Build.0 = Debug|Any CPU
		{7E18B1AE-4A67-423D-8981-A9737268555E}.Release|Any CPU.ActiveCfg = Release|Any CPU
		{7E18B1AE-4A67-423D-8981-A9737268555E}.Release|Any CPU.Build.0 = Release|Any CPU
	EndGlobalSection
	GlobalSection(SolutionProperties) = preSolution
		HideSolutionNode = FALSE
	EndGlobalSection
	GlobalSection(ExtensibilityGlobals) = postSolution
		SolutionGuid = {B3DDC43C-3272-4981-9EDA-16CEF3D43EED}
	EndGlobalSection
EndGlobal
